PODS:
  - AppCenter (2.2.0):
    - AppCenter/Analytics (= 2.2.0)
    - AppCenter/Crashes (= 2.2.0)
  - AppCenter/Analytics (2.2.0):
    - AppCenter/Core
  - AppCenter/Core (2.2.0)
  - AppCenter/Crashes (2.2.0):
    - AppCenter/Core
  - AppCenter/Push (2.2.0):
    - AppCenter/Core
  - AppCenterXCUITestExtensions (1.0.0)

DEPENDENCIES:
  - AppCenter
  - AppCenter/Push
  - AppCenterXCUITestExtensions

SPEC REPOS:
  https://github.com/cocoapods/specs.git:
    - AppCenter
    - AppCenterXCUITestExtensions

SPEC CHECKSUMS:
  AppCenter: c809e69d93218b9861b4f8e54ded8dcf4d2131e7
  AppCenterXCUITestExtensions: 8825ed941664fa21d6740a5ed6928a84c06623ac

PODFILE CHECKSUM: 61bde5f32ff75c6ae45dbeaaa03b988082b43dcb

COCOAPODS: 1.5.3
