PODS:
  - AppCenterXCUITestExtensions (1.0.0)
  - HockeySDK (5.1.4):
    - HockeySDK/DefaultLib (= 5.1.4)
  - HockeySDK/DefaultLib (5.1.4)

DEPENDENCIES:
  - AppCenterXCUITestExtensions
  - HockeySDK

SPEC REPOS:
  trunk:
    - AppCenterXCUITestExtensions
    - HockeySDK

SPEC CHECKSUMS:
  AppCenterXCUITestExtensions: 8825ed941664fa21d6740a5ed6928a84c06623ac
  HockeySDK: 15afe6bc0a5bfe3a531fd73dbf082095f37dac3b

PODFILE CHECKSUM: 95b306112089af0a01543a420ca0f55ad4f0f1bc

COCOAPODS: 1.8.3
