// !$*UTF8*$!
{
	archiveVersion = 1;
	classes = {
	};
	objectVersion = 48;
	objects = {

/* Begin PBXBuildFile section */
		41E8B414818412E0318B16CF /* Pods_VSACUITests.framework in Frameworks */ = {isa = PBXBuildFile; fileRef = 0D857C156126F092E9529C01 /* Pods_VSACUITests.framework */; };
		582EED252167B130002D13B9 /* azure-pipelines.yml in Resources */ = {isa = PBXBuildFile; fileRef = 582EED242167B130002D13B9 /* azure-pipelines.yml */; };
		582EED262167B149002D13B9 /* appcenter-post-build.sh in Resources */ = {isa = PBXBuildFile; fileRef = 58E3779F208E3EAA000EEFC2 /* appcenter-post-build.sh */; };
		5848DB691FF5B16100C99BF8 /* README.md in Resources */ = {isa = PBXBuildFile; fileRef = 5848DB681FF5B16100C99BF8 /* README.md */; };
		587FE27C1FF58E1800B127B3 /* AppDelegate.swift in Sources */ = {isa = PBXBuildFile; fileRef = 587FE27B1FF58E1800B127B3 /* AppDelegate.swift */; };
		587FE2811FF58E1800B127B3 /* Main.storyboard in Resources */ = {isa = PBXBuildFile; fileRef = 587FE27F1FF58E1800B127B3 /* Main.storyboard */; };
		587FE2831FF58E1800B127B3 /* Assets.xcassets in Resources */ = {isa = PBXBuildFile; fileRef = 587FE2821FF58E1800B127B3 /* Assets.xcassets */; };
		587FE2861FF58E1800B127B3 /* LaunchScreen.storyboard in Resources */ = {isa = PBXBuildFile; fileRef = 587FE2841FF58E1800B127B3 /* LaunchScreen.storyboard */; };
		587FE2911FF58E1800B127B3 /* VSACTests.swift in Sources */ = {isa = PBXBuildFile; fileRef = 587FE2901FF58E1800B127B3 /* VSACTests.swift */; };
		587FE2AA1FF5A60600B127B3 /* MSEventsVC.swift in Sources */ = {isa = PBXBuildFile; fileRef = 587FE2A91FF5A60600B127B3 /* MSEventsVC.swift */; };
		587FE2AC1FF5A61500B127B3 /* MSCrashesVC.swift in Sources */ = {isa = PBXBuildFile; fileRef = 587FE2AB1FF5A61500B127B3 /* MSCrashesVC.swift */; };
		5880FE7F20D844DD0029E20C /* VSACUITests.swift in Sources */ = {isa = PBXBuildFile; fileRef = 5880FE7E20D844DD0029E20C /* VSACUITests.swift */; };
		589179E01FFBF9A400DE3493 /* .gitignore in Resources */ = {isa = PBXBuildFile; fileRef = 589179DF1FFBF9A400DE3493 /* .gitignore */; };
		A227816562A420EC2BBFBBCB /* Pods_VSAC.framework in Frameworks */ = {isa = PBXBuildFile; fileRef = 21F82B258EADDA40D2721B0F /* Pods_VSAC.framework */; };
		BF1649E72C44B48F1B4E0F6A /* Pods_VSACTests.framework in Frameworks */ = {isa = PBXBuildFile; fileRef = 435EA8E7F0828B3174967E7E /* Pods_VSACTests.framework */; };
/* End PBXBuildFile section */

/* Begin PBXContainerItemProxy section */
		587FE28D1FF58E1800B127B3 /* PBXContainerItemProxy */ = {
			isa = PBXContainerItemProxy;
			containerPortal = 587FE2701FF58E1800B127B3 /* Project object */;
			proxyType = 1;
			remoteGlobalIDString = 587FE2771FF58E1800B127B3;
			remoteInfo = VSAC;
		};
		5880FE8120D844DD0029E20C /* PBXContainerItemProxy */ = {
			isa = PBXContainerItemProxy;
			containerPortal = 587FE2701FF58E1800B127B3 /* Project object */;
			proxyType = 1;
			remoteGlobalIDString = 587FE2771FF58E1800B127B3;
			remoteInfo = VSAC;
		};
/* End PBXContainerItemProxy section */

/* Begin PBXFileReference section */
		0D857C156126F092E9529C01 /* Pods_VSACUITests.framework */ = {isa = PBXFileReference; explicitFileType = wrapper.framework; includeInIndex = 0; path = Pods_VSACUITests.framework; sourceTree = BUILT_PRODUCTS_DIR; };
		21F82B258EADDA40D2721B0F /* Pods_VSAC.framework */ = {isa = PBXFileReference; explicitFileType = wrapper.framework; includeInIndex = 0; path = Pods_VSAC.framework; sourceTree = BUILT_PRODUCTS_DIR; };
		380A3F6D02AC053928EA5C77 /* Pods-VSACTests.debug.xcconfig */ = {isa = PBXFileReference; includeInIndex = 1; lastKnownFileType = text.xcconfig; name = "Pods-VSACTests.debug.xcconfig"; path = "Pods/Target Support Files/Pods-VSACTests/Pods-VSACTests.debug.xcconfig"; sourceTree = "<group>"; };
		3E26772262248EE53D7863F5 /* Pods-VSAC.debug.xcconfig */ = {isa = PBXFileReference; includeInIndex = 1; lastKnownFileType = text.xcconfig; name = "Pods-VSAC.debug.xcconfig"; path = "Pods/Target Support Files/Pods-VSAC/Pods-VSAC.debug.xcconfig"; sourceTree = "<group>"; };
		4066418273D8C28AE465FB62 /* Pods-VSACTests.release.xcconfig */ = {isa = PBXFileReference; includeInIndex = 1; lastKnownFileType = text.xcconfig; name = "Pods-VSACTests.release.xcconfig"; path = "Pods/Target Support Files/Pods-VSACTests/Pods-VSACTests.release.xcconfig"; sourceTree = "<group>"; };
		435EA8E7F0828B3174967E7E /* Pods_VSACTests.framework */ = {isa = PBXFileReference; explicitFileType = wrapper.framework; includeInIndex = 0; path = Pods_VSACTests.framework; sourceTree = BUILT_PRODUCTS_DIR; };
		582EED242167B130002D13B9 /* azure-pipelines.yml */ = {isa = PBXFileReference; fileEncoding = 4; lastKnownFileType = text; path = "azure-pipelines.yml"; sourceTree = "<group>"; };
		5848DB681FF5B16100C99BF8 /* README.md */ = {isa = PBXFileReference; fileEncoding = 4; lastKnownFileType = net.daringfireball.markdown; path = README.md; sourceTree = SOURCE_ROOT; };
		587FE2781FF58E1800B127B3 /* VSAC.app */ = {isa = PBXFileReference; explicitFileType = wrapper.application; includeInIndex = 0; path = VSAC.app; sourceTree = BUILT_PRODUCTS_DIR; };
		587FE27B1FF58E1800B127B3 /* AppDelegate.swift */ = {isa = PBXFileReference; lastKnownFileType = sourcecode.swift; path = AppDelegate.swift; sourceTree = "<group>"; };
		587FE2801FF58E1800B127B3 /* Base */ = {isa = PBXFileReference; lastKnownFileType = file.storyboard; name = Base; path = Base.lproj/Main.storyboard; sourceTree = "<group>"; };
		587FE2821FF58E1800B127B3 /* Assets.xcassets */ = {isa = PBXFileReference; lastKnownFileType = folder.assetcatalog; path = Assets.xcassets; sourceTree = "<group>"; };
		587FE2851FF58E1800B127B3 /* Base */ = {isa = PBXFileReference; lastKnownFileType = file.storyboard; name = Base; path = Base.lproj/LaunchScreen.storyboard; sourceTree = "<group>"; };
		587FE2871FF58E1800B127B3 /* Info.plist */ = {isa = PBXFileReference; lastKnownFileType = text.plist.xml; path = Info.plist; sourceTree = "<group>"; };
		587FE28C1FF58E1800B127B3 /* VSACTests.xctest */ = {isa = PBXFileReference; explicitFileType = wrapper.cfbundle; includeInIndex = 0; path = VSACTests.xctest; sourceTree = BUILT_PRODUCTS_DIR; };
		587FE2901FF58E1800B127B3 /* VSACTests.swift */ = {isa = PBXFileReference; lastKnownFileType = sourcecode.swift; path = VSACTests.swift; sourceTree = "<group>"; };
		587FE2921FF58E1800B127B3 /* Info.plist */ = {isa = PBXFileReference; lastKnownFileType = text.plist.xml; path = Info.plist; sourceTree = "<group>"; };
		587FE2A91FF5A60600B127B3 /* MSEventsVC.swift */ = {isa = PBXFileReference; lastKnownFileType = sourcecode.swift; path = MSEventsVC.swift; sourceTree = "<group>"; };
		587FE2AB1FF5A61500B127B3 /* MSCrashesVC.swift */ = {isa = PBXFileReference; lastKnownFileType = sourcecode.swift; path = MSCrashesVC.swift; sourceTree = "<group>"; };
		5880FE7C20D844DD0029E20C /* VSACUITests.xctest */ = {isa = PBXFileReference; explicitFileType = wrapper.cfbundle; includeInIndex = 0; path = VSACUITests.xctest; sourceTree = BUILT_PRODUCTS_DIR; };
		5880FE7E20D844DD0029E20C /* VSACUITests.swift */ = {isa = PBXFileReference; lastKnownFileType = sourcecode.swift; path = VSACUITests.swift; sourceTree = "<group>"; };
		5880FE8020D844DD0029E20C /* Info.plist */ = {isa = PBXFileReference; lastKnownFileType = text.plist.xml; path = Info.plist; sourceTree = "<group>"; };
		589179DF1FFBF9A400DE3493 /* .gitignore */ = {isa = PBXFileReference; fileEncoding = 4; lastKnownFileType = text; path = .gitignore; sourceTree = "<group>"; };
		589179E11FFD467100DE3493 /* VSAC.entitlements */ = {isa = PBXFileReference; lastKnownFileType = text.plist.entitlements; path = VSAC.entitlements; sourceTree = "<group>"; };
		58E3779F208E3EAA000EEFC2 /* appcenter-post-build.sh */ = {isa = PBXFileReference; lastKnownFileType = text.script.sh; path = "appcenter-post-build.sh"; sourceTree = "<group>"; };
		6213534D737E9B05B3F447D2 /* Pods-VSAC.release.xcconfig */ = {isa = PBXFileReference; includeInIndex = 1; lastKnownFileType = text.xcconfig; name = "Pods-VSAC.release.xcconfig"; path = "Pods/Target Support Files/Pods-VSAC/Pods-VSAC.release.xcconfig"; sourceTree = "<group>"; };
		D94D326A499CB9EA1C9800E5 /* Pods-VSACUITests.release.xcconfig */ = {isa = PBXFileReference; includeInIndex = 1; lastKnownFileType = text.xcconfig; name = "Pods-VSACUITests.release.xcconfig"; path = "Pods/Target Support Files/Pods-VSACUITests/Pods-VSACUITests.release.xcconfig"; sourceTree = "<group>"; };
		F828551E36D672CAF0F1BF97 /* Pods-VSACUITests.debug.xcconfig */ = {isa = PBXFileReference; includeInIndex = 1; lastKnownFileType = text.xcconfig; name = "Pods-VSACUITests.debug.xcconfig"; path = "Pods/Target Support Files/Pods-VSACUITests/Pods-VSACUITests.debug.xcconfig"; sourceTree = "<group>"; };
/* End PBXFileReference section */

/* Begin PBXFrameworksBuildPhase section */
		587FE2751FF58E1800B127B3 /* Frameworks */ = {
			isa = PBXFrameworksBuildPhase;
			buildActionMask = 2147483647;
			files = (
				A227816562A420EC2BBFBBCB /* Pods_VSAC.framework in Frameworks */,
			);
			runOnlyForDeploymentPostprocessing = 0;
		};
		587FE2891FF58E1800B127B3 /* Frameworks */ = {
			isa = PBXFrameworksBuildPhase;
			buildActionMask = 2147483647;
			files = (
				BF1649E72C44B48F1B4E0F6A /* Pods_VSACTests.framework in Frameworks */,
			);
			runOnlyForDeploymentPostprocessing = 0;
		};
		5880FE7920D844DD0029E20C /* Frameworks */ = {
			isa = PBXFrameworksBuildPhase;
			buildActionMask = 2147483647;
			files = (
				41E8B414818412E0318B16CF /* Pods_VSACUITests.framework in Frameworks */,
			);
			runOnlyForDeploymentPostprocessing = 0;
		};
/* End PBXFrameworksBuildPhase section */

/* Begin PBXGroup section */
		3C8151370EF82016535FEE99 /* Pods */ = {
			isa = PBXGroup;
			children = (
				3E26772262248EE53D7863F5 /* Pods-VSAC.debug.xcconfig */,
				6213534D737E9B05B3F447D2 /* Pods-VSAC.release.xcconfig */,
				380A3F6D02AC053928EA5C77 /* Pods-VSACTests.debug.xcconfig */,
				4066418273D8C28AE465FB62 /* Pods-VSACTests.release.xcconfig */,
				F828551E36D672CAF0F1BF97 /* Pods-VSACUITests.debug.xcconfig */,
				D94D326A499CB9EA1C9800E5 /* Pods-VSACUITests.release.xcconfig */,
			);
			name = Pods;
			sourceTree = "<group>";
		};
		587FE26F1FF58E1800B127B3 = {
			isa = PBXGroup;
			children = (
				582EED242167B130002D13B9 /* azure-pipelines.yml */,
				58E3779F208E3EAA000EEFC2 /* appcenter-post-build.sh */,
				5848DB681FF5B16100C99BF8 /* README.md */,
				589179DF1FFBF9A400DE3493 /* .gitignore */,
				587FE27A1FF58E1800B127B3 /* VSAC */,
				587FE28F1FF58E1800B127B3 /* VSACTests */,
				5880FE7D20D844DD0029E20C /* VSACUITests */,
				587FE2791FF58E1800B127B3 /* Products */,
				3C8151370EF82016535FEE99 /* Pods */,
				5AC72B26F788C858F839BAFF /* Frameworks */,
			);
			sourceTree = "<group>";
		};
		587FE2791FF58E1800B127B3 /* Products */ = {
			isa = PBXGroup;
			children = (
				587FE2781FF58E1800B127B3 /* VSAC.app */,
				587FE28C1FF58E1800B127B3 /* VSACTests.xctest */,
				5880FE7C20D844DD0029E20C /* VSACUITests.xctest */,
			);
			name = Products;
			sourceTree = "<group>";
		};
		587FE27A1FF58E1800B127B3 /* VSAC */ = {
			isa = PBXGroup;
			children = (
				589179E11FFD467100DE3493 /* VSAC.entitlements */,
				587FE27B1FF58E1800B127B3 /* AppDelegate.swift */,
				587FE2A91FF5A60600B127B3 /* MSEventsVC.swift */,
				587FE2AB1FF5A61500B127B3 /* MSCrashesVC.swift */,
				587FE27F1FF58E1800B127B3 /* Main.storyboard */,
				587FE2821FF58E1800B127B3 /* Assets.xcassets */,
				587FE2841FF58E1800B127B3 /* LaunchScreen.storyboard */,
				587FE2871FF58E1800B127B3 /* Info.plist */,
			);
			path = VSAC;
			sourceTree = "<group>";
		};
		587FE28F1FF58E1800B127B3 /* VSACTests */ = {
			isa = PBXGroup;
			children = (
				587FE2901FF58E1800B127B3 /* VSACTests.swift */,
				587FE2921FF58E1800B127B3 /* Info.plist */,
			);
			path = VSACTests;
			sourceTree = "<group>";
		};
		5880FE7D20D844DD0029E20C /* VSACUITests */ = {
			isa = PBXGroup;
			children = (
				5880FE7E20D844DD0029E20C /* VSACUITests.swift */,
				5880FE8020D844DD0029E20C /* Info.plist */,
			);
			path = VSACUITests;
			sourceTree = "<group>";
		};
		5AC72B26F788C858F839BAFF /* Frameworks */ = {
			isa = PBXGroup;
			children = (
				21F82B258EADDA40D2721B0F /* Pods_VSAC.framework */,
				435EA8E7F0828B3174967E7E /* Pods_VSACTests.framework */,
				0D857C156126F092E9529C01 /* Pods_VSACUITests.framework */,
			);
			name = Frameworks;
			sourceTree = "<group>";
		};
/* End PBXGroup section */

/* Begin PBXNativeTarget section */
		587FE2771FF58E1800B127B3 /* VSAC */ = {
			isa = PBXNativeTarget;
			buildConfigurationList = 587FE2A01FF58E1800B127B3 /* Build configuration list for PBXNativeTarget "VSAC" */;
			buildPhases = (
				0201049D7E7C457FC54A3B8C /* [CP] Check Pods Manifest.lock */,
				587FE2741FF58E1800B127B3 /* Sources */,
				587FE2751FF58E1800B127B3 /* Frameworks */,
				587FE2761FF58E1800B127B3 /* Resources */,
				12586C51109972B89B811B75 /* [CP] Embed Pods Frameworks */,
				4C6524B684EBD7E47A95073C /* [CP] Copy Pods Resources */,
			);
			buildRules = (
			);
			dependencies = (
			);
			name = VSAC;
			productName = VSAC;
			productReference = 587FE2781FF58E1800B127B3 /* VSAC.app */;
			productType = "com.apple.product-type.application";
		};
		587FE28B1FF58E1800B127B3 /* VSACTests */ = {
			isa = PBXNativeTarget;
			buildConfigurationList = 587FE2A31FF58E1800B127B3 /* Build configuration list for PBXNativeTarget "VSACTests" */;
			buildPhases = (
				57882C4BF860ADF0E1996BDF /* [CP] Check Pods Manifest.lock */,
				587FE2881FF58E1800B127B3 /* Sources */,
				587FE2891FF58E1800B127B3 /* Frameworks */,
				587FE28A1FF58E1800B127B3 /* Resources */,
				7287687AF35B44084C851BD9 /* [CP] Embed Pods Frameworks */,
				635616BAABE81A2CC546A6EC /* [CP] Copy Pods Resources */,
			);
			buildRules = (
			);
			dependencies = (
				587FE28E1FF58E1800B127B3 /* PBXTargetDependency */,
			);
			name = VSACTests;
			productName = VSACTests;
			productReference = 587FE28C1FF58E1800B127B3 /* VSACTests.xctest */;
			productType = "com.apple.product-type.bundle.unit-test";
		};
		5880FE7B20D844DD0029E20C /* VSACUITests */ = {
			isa = PBXNativeTarget;
			buildConfigurationList = 5880FE8320D844DD0029E20C /* Build configuration list for PBXNativeTarget "VSACUITests" */;
			buildPhases = (
				72AA36D6FC0CA6902EB59F46 /* [CP] Check Pods Manifest.lock */,
				5880FE7820D844DD0029E20C /* Sources */,
				5880FE7920D844DD0029E20C /* Frameworks */,
				5880FE7A20D844DD0029E20C /* Resources */,
				8D1CBA9C6D3783AC8CE26A65 /* [CP] Embed Pods Frameworks */,
				8880D9BE7E055E64F4E03D48 /* [CP] Copy Pods Resources */,
			);
			buildRules = (
			);
			dependencies = (
				5880FE8220D844DD0029E20C /* PBXTargetDependency */,
			);
			name = VSACUITests;
			productName = VSACUITests;
			productReference = 5880FE7C20D844DD0029E20C /* VSACUITests.xctest */;
			productType = "com.apple.product-type.bundle.ui-testing";
		};
/* End PBXNativeTarget section */

/* Begin PBXProject section */
		587FE2701FF58E1800B127B3 /* Project object */ = {
			isa = PBXProject;
			attributes = {
				LastSwiftUpdateCheck = 0940;
				LastUpgradeCheck = 0920;
				ORGANIZATIONNAME = Microsoft;
				TargetAttributes = {
					587FE2771FF58E1800B127B3 = {
						CreatedOnToolsVersion = 9.2;
						ProvisioningStyle = Automatic;
						SystemCapabilities = {
							com.apple.Push = {
								enabled = 1;
							};
						};
					};
					587FE28B1FF58E1800B127B3 = {
						CreatedOnToolsVersion = 9.2;
						ProvisioningStyle = Automatic;
						TestTargetID = 587FE2771FF58E1800B127B3;
					};
					5880FE7B20D844DD0029E20C = {
						CreatedOnToolsVersion = 9.4.1;
						ProvisioningStyle = Automatic;
						TestTargetID = 587FE2771FF58E1800B127B3;
					};
				};
			};
			buildConfigurationList = 587FE2731FF58E1800B127B3 /* Build configuration list for PBXProject "VSAC" */;
			compatibilityVersion = "Xcode 8.0";
			developmentRegion = en;
			hasScannedForEncodings = 0;
			knownRegions = (
				en,
				Base,
			);
			mainGroup = 587FE26F1FF58E1800B127B3;
			productRefGroup = 587FE2791FF58E1800B127B3 /* Products */;
			projectDirPath = "";
			projectRoot = "";
			targets = (
				587FE2771FF58E1800B127B3 /* VSAC */,
				587FE28B1FF58E1800B127B3 /* VSACTests */,
				5880FE7B20D844DD0029E20C /* VSACUITests */,
			);
		};
/* End PBXProject section */

/* Begin PBXResourcesBuildPhase section */
		587FE2761FF58E1800B127B3 /* Resources */ = {
			isa = PBXResourcesBuildPhase;
			buildActionMask = 2147483647;
			files = (
				582EED252167B130002D13B9 /* azure-pipelines.yml in Resources */,
				589179E01FFBF9A400DE3493 /* .gitignore in Resources */,
				587FE2861FF58E1800B127B3 /* LaunchScreen.storyboard in Resources */,
				587FE2831FF58E1800B127B3 /* Assets.xcassets in Resources */,
				5848DB691FF5B16100C99BF8 /* README.md in Resources */,
				582EED262167B149002D13B9 /* appcenter-post-build.sh in Resources */,
				587FE2811FF58E1800B127B3 /* Main.storyboard in Resources */,
			);
			runOnlyForDeploymentPostprocessing = 0;
		};
		587FE28A1FF58E1800B127B3 /* Resources */ = {
			isa = PBXResourcesBuildPhase;
			buildActionMask = 2147483647;
			files = (
			);
			runOnlyForDeploymentPostprocessing = 0;
		};
		5880FE7A20D844DD0029E20C /* Resources */ = {
			isa = PBXResourcesBuildPhase;
			buildActionMask = 2147483647;
			files = (
			);
			runOnlyForDeploymentPostprocessing = 0;
		};
/* End PBXResourcesBuildPhase section */

/* Begin PBXShellScriptBuildPhase section */
		0201049D7E7C457FC54A3B8C /* [CP] Check Pods Manifest.lock */ = {
			isa = PBXShellScriptBuildPhase;
			buildActionMask = 2147483647;
			files = (
			);
			inputPaths = (
				"${PODS_PODFILE_DIR_PATH}/Podfile.lock",
				"${PODS_ROOT}/Manifest.lock",
			);
			name = "[CP] Check Pods Manifest.lock";
			outputPaths = (
				"$(DERIVED_FILE_DIR)/Pods-VSAC-checkManifestLockResult.txt",
			);
			runOnlyForDeploymentPostprocessing = 0;
			shellPath = /bin/sh;
			shellScript = "diff \"${PODS_PODFILE_DIR_PATH}/Podfile.lock\" \"${PODS_ROOT}/Manifest.lock\" > /dev/null\nif [ $? != 0 ] ; then\n    # print error to STDERR\n    echo \"error: The sandbox is not in sync with the Podfile.lock. Run 'pod install' or update your CocoaPods installation.\" >&2\n    exit 1\nfi\n# This output is used by Xcode 'outputs' to avoid re-running this script phase.\necho \"SUCCESS\" > \"${SCRIPT_OUTPUT_FILE_0}\"\n";
			showEnvVarsInLog = 0;
		};
		12586C51109972B89B811B75 /* [CP] Embed Pods Frameworks */ = {
			isa = PBXShellScriptBuildPhase;
			buildActionMask = 2147483647;
			files = (
			);
			inputPaths = (
			);
			name = "[CP] Embed Pods Frameworks";
			outputPaths = (
			);
			runOnlyForDeploymentPostprocessing = 0;
			shellPath = /bin/sh;
			shellScript = "\"${SRCROOT}/Pods/Target Support Files/Pods-VSAC/Pods-VSAC-frameworks.sh\"\n";
			showEnvVarsInLog = 0;
		};
		4C6524B684EBD7E47A95073C /* [CP] Copy Pods Resources */ = {
			isa = PBXShellScriptBuildPhase;
			buildActionMask = 2147483647;
			files = (
			);
			inputPaths = (
			);
			name = "[CP] Copy Pods Resources";
			outputPaths = (
			);
			runOnlyForDeploymentPostprocessing = 0;
			shellPath = /bin/sh;
			shellScript = "\"${SRCROOT}/Pods/Target Support Files/Pods-VSAC/Pods-VSAC-resources.sh\"\n";
			showEnvVarsInLog = 0;
		};
		57882C4BF860ADF0E1996BDF /* [CP] Check Pods Manifest.lock */ = {
			isa = PBXShellScriptBuildPhase;
			buildActionMask = 2147483647;
			files = (
			);
			inputPaths = (
				"${PODS_PODFILE_DIR_PATH}/Podfile.lock",
				"${PODS_ROOT}/Manifest.lock",
			);
			name = "[CP] Check Pods Manifest.lock";
			outputPaths = (
				"$(DERIVED_FILE_DIR)/Pods-VSACTests-checkManifestLockResult.txt",
			);
			runOnlyForDeploymentPostprocessing = 0;
			shellPath = /bin/sh;
			shellScript = "diff \"${PODS_PODFILE_DIR_PATH}/Podfile.lock\" \"${PODS_ROOT}/Manifest.lock\" > /dev/null\nif [ $? != 0 ] ; then\n    # print error to STDERR\n    echo \"error: The sandbox is not in sync with the Podfile.lock. Run 'pod install' or update your CocoaPods installation.\" >&2\n    exit 1\nfi\n# This output is used by Xcode 'outputs' to avoid re-running this script phase.\necho \"SUCCESS\" > \"${SCRIPT_OUTPUT_FILE_0}\"\n";
			showEnvVarsInLog = 0;
		};
		635616BAABE81A2CC546A6EC /* [CP] Copy Pods Resources */ = {
			isa = PBXShellScriptBuildPhase;
			buildActionMask = 2147483647;
			files = (
			);
			inputPaths = (
			);
			name = "[CP] Copy Pods Resources";
			outputPaths = (
			);
			runOnlyForDeploymentPostprocessing = 0;
			shellPath = /bin/sh;
			shellScript = "\"${SRCROOT}/Pods/Target Support Files/Pods-VSACTests/Pods-VSACTests-resources.sh\"\n";
			showEnvVarsInLog = 0;
		};
		7287687AF35B44084C851BD9 /* [CP] Embed Pods Frameworks */ = {
			isa = PBXShellScriptBuildPhase;
			buildActionMask = 2147483647;
			files = (
			);
			inputPaths = (
			);
			name = "[CP] Embed Pods Frameworks";
			outputPaths = (
			);
			runOnlyForDeploymentPostprocessing = 0;
			shellPath = /bin/sh;
			shellScript = "\"${SRCROOT}/Pods/Target Support Files/Pods-VSACTests/Pods-VSACTests-frameworks.sh\"\n";
			showEnvVarsInLog = 0;
		};
		72AA36D6FC0CA6902EB59F46 /* [CP] Check Pods Manifest.lock */ = {
			isa = PBXShellScriptBuildPhase;
			buildActionMask = 2147483647;
			files = (
			);
			inputPaths = (
				"${PODS_PODFILE_DIR_PATH}/Podfile.lock",
				"${PODS_ROOT}/Manifest.lock",
			);
			name = "[CP] Check Pods Manifest.lock";
			outputPaths = (
				"$(DERIVED_FILE_DIR)/Pods-VSACUITests-checkManifestLockResult.txt",
			);
			runOnlyForDeploymentPostprocessing = 0;
			shellPath = /bin/sh;
			shellScript = "diff \"${PODS_PODFILE_DIR_PATH}/Podfile.lock\" \"${PODS_ROOT}/Manifest.lock\" > /dev/null\nif [ $? != 0 ] ; then\n    # print error to STDERR\n    echo \"error: The sandbox is not in sync with the Podfile.lock. Run 'pod install' or update your CocoaPods installation.\" >&2\n    exit 1\nfi\n# This output is used by Xcode 'outputs' to avoid re-running this script phase.\necho \"SUCCESS\" > \"${SCRIPT_OUTPUT_FILE_0}\"\n";
			showEnvVarsInLog = 0;
		};
		8880D9BE7E055E64F4E03D48 /* [CP] Copy Pods Resources */ = {
			isa = PBXShellScriptBuildPhase;
			buildActionMask = 2147483647;
			files = (
			);
			inputPaths = (
			);
			name = "[CP] Copy Pods Resources";
			outputPaths = (
			);
			runOnlyForDeploymentPostprocessing = 0;
			shellPath = /bin/sh;
			shellScript = "\"${SRCROOT}/Pods/Target Support Files/Pods-VSACUITests/Pods-VSACUITests-resources.sh\"\n";
			showEnvVarsInLog = 0;
		};
		8D1CBA9C6D3783AC8CE26A65 /* [CP] Embed Pods Frameworks */ = {
			isa = PBXShellScriptBuildPhase;
			buildActionMask = 2147483647;
			files = (
			);
			inputPaths = (
				"${SRCROOT}/Pods/Target Support Files/Pods-VSACUITests/Pods-VSACUITests-frameworks.sh",
				"${BUILT_PRODUCTS_DIR}/AppCenterXCUITestExtensions/AppCenterXCUITestExtensions.framework",
			);
			name = "[CP] Embed Pods Frameworks";
			outputPaths = (
				"${TARGET_BUILD_DIR}/${FRAMEWORKS_FOLDER_PATH}/AppCenterXCUITestExtensions.framework",
			);
			runOnlyForDeploymentPostprocessing = 0;
			shellPath = /bin/sh;
			shellScript = "\"${SRCROOT}/Pods/Target Support Files/Pods-VSACUITests/Pods-VSACUITests-frameworks.sh\"\n";
			showEnvVarsInLog = 0;
		};
/* End PBXShellScriptBuildPhase section */

/* Begin PBXSourcesBuildPhase section */
		587FE2741FF58E1800B127B3 /* Sources */ = {
			isa = PBXSourcesBuildPhase;
			buildActionMask = 2147483647;
			files = (
				587FE2AA1FF5A60600B127B3 /* MSEventsVC.swift in Sources */,
				587FE27C1FF58E1800B127B3 /* AppDelegate.swift in Sources */,
				587FE2AC1FF5A61500B127B3 /* MSCrashesVC.swift in Sources */,
			);
			runOnlyForDeploymentPostprocessing = 0;
		};
		587FE2881FF58E1800B127B3 /* Sources */ = {
			isa = PBXSourcesBuildPhase;
			buildActionMask = 2147483647;
			files = (
				587FE2911FF58E1800B127B3 /* VSACTests.swift in Sources */,
			);
			runOnlyForDeploymentPostprocessing = 0;
		};
		5880FE7820D844DD0029E20C /* Sources */ = {
			isa = PBXSourcesBuildPhase;
			buildActionMask = 2147483647;
			files = (
				5880FE7F20D844DD0029E20C /* VSACUITests.swift in Sources */,
			);
			runOnlyForDeploymentPostprocessing = 0;
		};
/* End PBXSourcesBuildPhase section */

/* Begin PBXTargetDependency section */
		587FE28E1FF58E1800B127B3 /* PBXTargetDependency */ = {
			isa = PBXTargetDependency;
			target = 587FE2771FF58E1800B127B3 /* VSAC */;
			targetProxy = 587FE28D1FF58E1800B127B3 /* PBXContainerItemProxy */;
		};
		5880FE8220D844DD0029E20C /* PBXTargetDependency */ = {
			isa = PBXTargetDependency;
			target = 587FE2771FF58E1800B127B3 /* VSAC */;
			targetProxy = 5880FE8120D844DD0029E20C /* PBXContainerItemProxy */;
		};
/* End PBXTargetDependency section */

/* Begin PBXVariantGroup section */
		587FE27F1FF58E1800B127B3 /* Main.storyboard */ = {
			isa = PBXVariantGroup;
			children = (
				587FE2801FF58E1800B127B3 /* Base */,
			);
			name = Main.storyboard;
			sourceTree = "<group>";
		};
		587FE2841FF58E1800B127B3 /* LaunchScreen.storyboard */ = {
			isa = PBXVariantGroup;
			children = (
				587FE2851FF58E1800B127B3 /* Base */,
			);
			name = LaunchScreen.storyboard;
			sourceTree = "<group>";
		};
/* End PBXVariantGroup section */

/* Begin XCBuildConfiguration section */
		587FE29E1FF58E1800B127B3 /* Debug */ = {
			isa = XCBuildConfiguration;
			buildSettings = {
				ALWAYS_SEARCH_USER_PATHS = NO;
				CLANG_ANALYZER_NONNULL = YES;
				CLANG_ANALYZER_NUMBER_OBJECT_CONVERSION = YES_AGGRESSIVE;
				CLANG_CXX_LANGUAGE_STANDARD = "gnu++14";
				CLANG_CXX_LIBRARY = "libc++";
				CLANG_ENABLE_MODULES = YES;
				CLANG_ENABLE_OBJC_ARC = YES;
				CLANG_WARN_BLOCK_CAPTURE_AUTORELEASING = YES;
				CLANG_WARN_BOOL_CONVERSION = YES;
				CLANG_WARN_COMMA = YES;
				CLANG_WARN_CONSTANT_CONVERSION = YES;
				CLANG_WARN_DIRECT_OBJC_ISA_USAGE = YES_ERROR;
				CLANG_WARN_DOCUMENTATION_COMMENTS = YES;
				CLANG_WARN_EMPTY_BODY = YES;
				CLANG_WARN_ENUM_CONVERSION = YES;
				CLANG_WARN_INFINITE_RECURSION = YES;
				CLANG_WARN_INT_CONVERSION = YES;
				CLANG_WARN_NON_LITERAL_NULL_CONVERSION = YES;
				CLANG_WARN_OBJC_LITERAL_CONVERSION = YES;
				CLANG_WARN_OBJC_ROOT_CLASS = YES_ERROR;
				CLANG_WARN_RANGE_LOOP_ANALYSIS = YES;
				CLANG_WARN_STRICT_PROTOTYPES = YES;
				CLANG_WARN_SUSPICIOUS_MOVE = YES;
				CLANG_WARN_UNGUARDED_AVAILABILITY = YES_AGGRESSIVE;
				CLANG_WARN_UNREACHABLE_CODE = YES;
				CLANG_WARN__DUPLICATE_METHOD_MATCH = YES;
				CODE_SIGN_IDENTITY = "iPhone Developer";
				COPY_PHASE_STRIP = NO;
				DEBUG_INFORMATION_FORMAT = dwarf;
				ENABLE_STRICT_OBJC_MSGSEND = YES;
				ENABLE_TESTABILITY = YES;
				GCC_C_LANGUAGE_STANDARD = gnu11;
				GCC_DYNAMIC_NO_PIC = NO;
				GCC_NO_COMMON_BLOCKS = YES;
				GCC_OPTIMIZATION_LEVEL = 0;
				GCC_PREPROCESSOR_DEFINITIONS = (
					"DEBUG=1",
					"$(inherited)",
				);
				GCC_WARN_64_TO_32_BIT_CONVERSION = YES;
				GCC_WARN_ABOUT_RETURN_TYPE = YES_ERROR;
				GCC_WARN_UNDECLARED_SELECTOR = YES;
				GCC_WARN_UNINITIALIZED_AUTOS = YES_AGGRESSIVE;
				GCC_WARN_UNUSED_FUNCTION = YES;
				GCC_WARN_UNUSED_VARIABLE = YES;
				IPHONEOS_DEPLOYMENT_TARGET = 11.2;
				MTL_ENABLE_DEBUG_INFO = YES;
				ONLY_ACTIVE_ARCH = YES;
				SDKROOT = iphoneos;
				SWIFT_ACTIVE_COMPILATION_CONDITIONS = DEBUG;
				SWIFT_OPTIMIZATION_LEVEL = "-Onone";
			};
			name = Debug;
		};
		587FE29F1FF58E1800B127B3 /* Release */ = {
			isa = XCBuildConfiguration;
			buildSettings = {
				ALWAYS_SEARCH_USER_PATHS = NO;
				CLANG_ANALYZER_NONNULL = YES;
				CLANG_ANALYZER_NUMBER_OBJECT_CONVERSION = YES_AGGRESSIVE;
				CLANG_CXX_LANGUAGE_STANDARD = "gnu++14";
				CLANG_CXX_LIBRARY = "libc++";
				CLANG_ENABLE_MODULES = YES;
				CLANG_ENABLE_OBJC_ARC = YES;
				CLANG_WARN_BLOCK_CAPTURE_AUTORELEASING = YES;
				CLANG_WARN_BOOL_CONVERSION = YES;
				CLANG_WARN_COMMA = YES;
				CLANG_WARN_CONSTANT_CONVERSION = YES;
				CLANG_WARN_DIRECT_OBJC_ISA_USAGE = YES_ERROR;
				CLANG_WARN_DOCUMENTATION_COMMENTS = YES;
				CLANG_WARN_EMPTY_BODY = YES;
				CLANG_WARN_ENUM_CONVERSION = YES;
				CLANG_WARN_INFINITE_RECURSION = YES;
				CLANG_WARN_INT_CONVERSION = YES;
				CLANG_WARN_NON_LITERAL_NULL_CONVERSION = YES;
				CLANG_WARN_OBJC_LITERAL_CONVERSION = YES;
				CLANG_WARN_OBJC_ROOT_CLASS = YES_ERROR;
				CLANG_WARN_RANGE_LOOP_ANALYSIS = YES;
				CLANG_WARN_STRICT_PROTOTYPES = YES;
				CLANG_WARN_SUSPICIOUS_MOVE = YES;
				CLANG_WARN_UNGUARDED_AVAILABILITY = YES_AGGRESSIVE;
				CLANG_WARN_UNREACHABLE_CODE = YES;
				CLANG_WARN__DUPLICATE_METHOD_MATCH = YES;
				CODE_SIGN_IDENTITY = "iPhone Developer";
				COPY_PHASE_STRIP = NO;
				DEBUG_INFORMATION_FORMAT = "dwarf-with-dsym";
				ENABLE_NS_ASSERTIONS = NO;
				ENABLE_STRICT_OBJC_MSGSEND = YES;
				GCC_C_LANGUAGE_STANDARD = gnu11;
				GCC_NO_COMMON_BLOCKS = YES;
				GCC_WARN_64_TO_32_BIT_CONVERSION = YES;
				GCC_WARN_ABOUT_RETURN_TYPE = YES_ERROR;
				GCC_WARN_UNDECLARED_SELECTOR = YES;
				GCC_WARN_UNINITIALIZED_AUTOS = YES_AGGRESSIVE;
				GCC_WARN_UNUSED_FUNCTION = YES;
				GCC_WARN_UNUSED_VARIABLE = YES;
				IPHONEOS_DEPLOYMENT_TARGET = 11.2;
				MTL_ENABLE_DEBUG_INFO = NO;
				SDKROOT = iphoneos;
				SWIFT_OPTIMIZATION_LEVEL = "-Owholemodule";
				VALIDATE_PRODUCT = YES;
			};
			name = Release;
		};
		587FE2A11FF58E1800B127B3 /* Debug */ = {
			isa = XCBuildConfiguration;
			baseConfigurationReference = 3E26772262248EE53D7863F5 /* Pods-VSAC.debug.xcconfig */;
			buildSettings = {
				ASSETCATALOG_COMPILER_APPICON_NAME = AppIcon;
				CODE_SIGN_ENTITLEMENTS = VSAC/VSAC.entitlements;
				CODE_SIGN_IDENTITY = "iPhone Developer";
				"CODE_SIGN_IDENTITY[sdk=iphoneos*]" = "iPhone Developer";
				CODE_SIGN_STYLE = Automatic;
				DEVELOPMENT_TEAM = UBF8T346G9;
				INFOPLIST_FILE = VSAC/Info.plist;
				IPHONEOS_DEPLOYMENT_TARGET = 9.0;
				LD_RUNPATH_SEARCH_PATHS = "$(inherited) @executable_path/Frameworks";
				PRODUCT_BUNDLE_IDENTIFIER = com.microsoft.VSAC;
				PRODUCT_NAME = "$(TARGET_NAME)";
				PROVISIONING_PROFILE = "";
				PROVISIONING_PROFILE_SPECIFIER = "";
				SWIFT_VERSION = 4.0;
				TARGETED_DEVICE_FAMILY = "1,2";
			};
			name = Debug;
		};
		587FE2A21FF58E1800B127B3 /* Release */ = {
			isa = XCBuildConfiguration;
			baseConfigurationReference = 6213534D737E9B05B3F447D2 /* Pods-VSAC.release.xcconfig */;
			buildSettings = {
				ASSETCATALOG_COMPILER_APPICON_NAME = AppIcon;
				CODE_SIGN_ENTITLEMENTS = VSAC/VSAC.entitlements;
				CODE_SIGN_IDENTITY = "iPhone Developer";
				"CODE_SIGN_IDENTITY[sdk=iphoneos*]" = "iPhone Developer";
				CODE_SIGN_STYLE = Automatic;
				DEVELOPMENT_TEAM = UBF8T346G9;
				INFOPLIST_FILE = VSAC/Info.plist;
				IPHONEOS_DEPLOYMENT_TARGET = 9.0;
				LD_RUNPATH_SEARCH_PATHS = "$(inherited) @executable_path/Frameworks";
				PRODUCT_BUNDLE_IDENTIFIER = com.microsoft.VSAC;
				PRODUCT_NAME = "$(TARGET_NAME)";
				PROVISIONING_PROFILE = "";
				PROVISIONING_PROFILE_SPECIFIER = "";
				SWIFT_VERSION = 4.0;
				TARGETED_DEVICE_FAMILY = "1,2";
			};
			name = Release;
		};
		587FE2A41FF58E1800B127B3 /* Debug */ = {
			isa = XCBuildConfiguration;
			baseConfigurationReference = 380A3F6D02AC053928EA5C77 /* Pods-VSACTests.debug.xcconfig */;
			buildSettings = {
				ALWAYS_EMBED_SWIFT_STANDARD_LIBRARIES = YES;
				CODE_SIGN_IDENTITY = "iPhone Developer";
				CODE_SIGN_STYLE = Automatic;
				DEVELOPMENT_TEAM = "";
				INFOPLIST_FILE = VSACTests/Info.plist;
				LD_RUNPATH_SEARCH_PATHS = "$(inherited) @executable_path/Frameworks @loader_path/Frameworks";
				PRODUCT_BUNDLE_IDENTIFIER = com.microsoft.VSACTests;
				PRODUCT_NAME = "$(TARGET_NAME)";
				PROVISIONING_PROFILE_SPECIFIER = "";
				SWIFT_VERSION = 4.0;
				TARGETED_DEVICE_FAMILY = "1,2";
				TEST_HOST = "$(BUILT_PRODUCTS_DIR)/VSAC.app/VSAC";
			};
			name = Debug;
		};
		587FE2A51FF58E1800B127B3 /* Release */ = {
			isa = XCBuildConfiguration;
			baseConfigurationReference = 4066418273D8C28AE465FB62 /* Pods-VSACTests.release.xcconfig */;
			buildSettings = {
				ALWAYS_EMBED_SWIFT_STANDARD_LIBRARIES = YES;
				CODE_SIGN_IDENTITY = "iPhone Developer";
				CODE_SIGN_STYLE = Automatic;
				DEVELOPMENT_TEAM = "";
				INFOPLIST_FILE = VSACTests/Info.plist;
				LD_RUNPATH_SEARCH_PATHS = "$(inherited) @executable_path/Frameworks @loader_path/Frameworks";
				PRODUCT_BUNDLE_IDENTIFIER = com.microsoft.VSACTests;
				PRODUCT_NAME = "$(TARGET_NAME)";
				PROVISIONING_PROFILE_SPECIFIER = "";
				SWIFT_VERSION = 4.0;
				TARGETED_DEVICE_FAMILY = "1,2";
				TEST_HOST = "$(BUILT_PRODUCTS_DIR)/VSAC.app/VSAC";
			};
			name = Release;
		};
		5880FE8420D844DD0029E20C /* Debug */ = {
			isa = XCBuildConfiguration;
			baseConfigurationReference = F828551E36D672CAF0F1BF97 /* Pods-VSACUITests.debug.xcconfig */;
			buildSettings = {
				CLANG_ENABLE_OBJC_WEAK = YES;
				CLANG_WARN_DEPRECATED_OBJC_IMPLEMENTATIONS = YES;
				CLANG_WARN_OBJC_IMPLICIT_RETAIN_SELF = YES;
				CODE_SIGN_IDENTITY = "iPhone Developer";
				CODE_SIGN_STYLE = Automatic;
				DEVELOPMENT_TEAM = UBF8T346G9;
				INFOPLIST_FILE = VSACUITests/Info.plist;
				IPHONEOS_DEPLOYMENT_TARGET = 11.4;
				LD_RUNPATH_SEARCH_PATHS = "$(inherited) @executable_path/Frameworks @loader_path/Frameworks";
				PRODUCT_BUNDLE_IDENTIFIER = com.microsoft.VSACUITests;
				PRODUCT_NAME = "$(TARGET_NAME)";
				PROVISIONING_PROFILE = "";
				PROVISIONING_PROFILE_SPECIFIER = "";
				SWIFT_VERSION = 4.0;
				TARGETED_DEVICE_FAMILY = "1,2";
				TEST_TARGET_NAME = VSAC;
			};
			name = Debug;
		};
		5880FE8520D844DD0029E20C /* Release */ = {
			isa = XCBuildConfiguration;
			baseConfigurationReference = D94D326A499CB9EA1C9800E5 /* Pods-VSACUITests.release.xcconfig */;
			buildSettings = {
				CLANG_ENABLE_OBJC_WEAK = YES;
				CLANG_WARN_DEPRECATED_OBJC_IMPLEMENTATIONS = YES;
				CLANG_WARN_OBJC_IMPLICIT_RETAIN_SELF = YES;
				CODE_SIGN_IDENTITY = "iPhone Developer";
				CODE_SIGN_STYLE = Automatic;
				DEVELOPMENT_TEAM = UBF8T346G9;
				INFOPLIST_FILE = VSACUITests/Info.plist;
				IPHONEOS_DEPLOYMENT_TARGET = 11.4;
				LD_RUNPATH_SEARCH_PATHS = "$(inherited) @executable_path/Frameworks @loader_path/Frameworks";
				PRODUCT_BUNDLE_IDENTIFIER = com.microsoft.VSACUITests;
				PRODUCT_NAME = "$(TARGET_NAME)";
				PROVISIONING_PROFILE = "";
				PROVISIONING_PROFILE_SPECIFIER = "";
				SWIFT_VERSION = 4.0;
				TARGETED_DEVICE_FAMILY = "1,2";
				TEST_TARGET_NAME = VSAC;
			};
			name = Release;
		};
/* End XCBuildConfiguration section */

/* Begin XCConfigurationList section */
		587FE2731FF58E1800B127B3 /* Build configuration list for PBXProject "VSAC" */ = {
			isa = XCConfigurationList;
			buildConfigurations = (
				587FE29E1FF58E1800B127B3 /* Debug */,
				587FE29F1FF58E1800B127B3 /* Release */,
			);
			defaultConfigurationIsVisible = 0;
			defaultConfigurationName = Release;
		};
		587FE2A01FF58E1800B127B3 /* Build configuration list for PBXNativeTarget "VSAC" */ = {
			isa = XCConfigurationList;
			buildConfigurations = (
				587FE2A11FF58E1800B127B3 /* Debug */,
				587FE2A21FF58E1800B127B3 /* Release */,
			);
			defaultConfigurationIsVisible = 0;
			defaultConfigurationName = Release;
		};
		587FE2A31FF58E1800B127B3 /* Build configuration list for PBXNativeTarget "VSACTests" */ = {
			isa = XCConfigurationList;
			buildConfigurations = (
				587FE2A41FF58E1800B127B3 /* Debug */,
				587FE2A51FF58E1800B127B3 /* Release */,
			);
			defaultConfigurationIsVisible = 0;
			defaultConfigurationName = Release;
		};
		5880FE8320D844DD0029E20C /* Build configuration list for PBXNativeTarget "VSACUITests" */ = {
			isa = XCConfigurationList;
			buildConfigurations = (
				5880FE8420D844DD0029E20C /* Debug */,
				5880FE8520D844DD0029E20C /* Release */,
			);
			defaultConfigurationIsVisible = 0;
			defaultConfigurationName = Release;
		};
/* End XCConfigurationList section */
	};
	rootObject = 587FE2701FF58E1800B127B3 /* Project object */;
}
